# This file is automatically @generated by Poetry and should not be changed by hand.

[[package]]
name = "async-timeout"
version = "4.0.2"
description = "Timeout context manager for asyncio programs"
category = "dev"
optional = false
python-versions = ">=3.6"
files = [
    {file = "async-timeout-4.0.2.tar.gz", hash = "sha256:2163e1640ddb52b7a8c80d0a67a08587e5d245cc9c553a74a847056bc2976b15"},
    {file = "async_timeout-4.0.2-py3-none-any.whl", hash = "sha256:8ca1e4fcf50d07413d66d1a5e416e42cfdf5851c981d679a09851a6853383b3c"},
]

[[package]]
name = "attrs"
version = "22.2.0"
description = "Classes Without Boilerplate"
category = "dev"
optional = false
python-versions = ">=3.6"
files = [
    {file = "attrs-22.2.0-py3-none-any.whl", hash = "sha256:29e95c7f6778868dbd49170f98f8818f78f3dc5e0e37c0b1f474e3561b240836"},
    {file = "attrs-22.2.0.tar.gz", hash = "sha256:c9227bfc2f01993c03f68db37d1d15c9690188323c067c641f1a35ca58185f99"},
]

[package.extras]
cov = ["attrs[tests]", "coverage-enable-subprocess", "coverage[toml] (>=5.3)"]
dev = ["attrs[docs,tests]"]
docs = ["furo", "myst-parser", "sphinx", "sphinx-notfound-page", "sphinxcontrib-towncrier", "towncrier", "zope.interface"]
tests = ["attrs[tests-no-zope]", "zope.interface"]
tests-no-zope = ["cloudpickle", "cloudpickle", "hypothesis", "hypothesis", "mypy (>=0.971,<0.990)", "mypy (>=0.971,<0.990)", "pympler", "pympler", "pytest (>=4.3.0)", "pytest (>=4.3.0)", "pytest-mypy-plugins", "pytest-mypy-plugins", "pytest-xdist[psutil]", "pytest-xdist[psutil]"]

[[package]]
name = "bleak"
version = "0.19.5"
description = "Bluetooth Low Energy platform Agnostic Klient"
category = "dev"
optional = false
python-versions = ">=3.7,<4.0"
files = [
    {file = "bleak-0.19.5-py3-none-any.whl", hash = "sha256:31e92e6754379bb394b8544457c77ce09a8a7dbc5f9adf3119b34576c901ef1e"},
    {file = "bleak-0.19.5.tar.gz", hash = "sha256:87845a96453c58c19031c735444a7b3156800534bcd3f23ba74e119e9ae3cd88"},
]

[package.dependencies]
async-timeout = ">=3.0.0,<5"
bleak-winrt = {version = ">=1.2.0,<2.0.0", markers = "platform_system == \"Windows\""}
dbus-fast = {version = ">=1.22.0,<2.0.0", markers = "platform_system == \"Linux\""}
pyobjc-core = {version = ">=8.5.1,<9.0.0", markers = "platform_system == \"Darwin\""}
pyobjc-framework-CoreBluetooth = {version = ">=8.5.1,<9.0.0", markers = "platform_system == \"Darwin\""}
pyobjc-framework-libdispatch = {version = ">=8.5.1,<9.0.0", markers = "platform_system == \"Darwin\""}

[[package]]
name = "bleak-winrt"
version = "1.2.0"
description = "Python WinRT bindings for Bleak"
category = "dev"
optional = false
python-versions = "*"
files = [
    {file = "bleak-winrt-1.2.0.tar.gz", hash = "sha256:0577d070251b9354fc6c45ffac57e39341ebb08ead014b1bdbd43e211d2ce1d6"},
    {file = "bleak_winrt-1.2.0-cp310-cp310-win32.whl", hash = "sha256:a2ae3054d6843ae0cfd3b94c83293a1dfd5804393977dd69bde91cb5099fc47c"},
    {file = "bleak_winrt-1.2.0-cp310-cp310-win_amd64.whl", hash = "sha256:677df51dc825c6657b3ae94f00bd09b8ab88422b40d6a7bdbf7972a63bc44e9a"},
    {file = "bleak_winrt-1.2.0-cp311-cp311-win32.whl", hash = "sha256:9449cdb942f22c9892bc1ada99e2ccce9bea8a8af1493e81fefb6de2cb3a7b80"},
    {file = "bleak_winrt-1.2.0-cp311-cp311-win_amd64.whl", hash = "sha256:98c1b5a6a6c431ac7f76aa4285b752fe14a1c626bd8a1dfa56f66173ff120bee"},
    {file = "bleak_winrt-1.2.0-cp37-cp37m-win32.whl", hash = "sha256:623ac511696e1f58d83cb9c431e32f613395f2199b3db7f125a3d872cab968a4"},
    {file = "bleak_winrt-1.2.0-cp37-cp37m-win_amd64.whl", hash = "sha256:13ab06dec55469cf51a2c187be7b630a7a2922e1ea9ac1998135974a7239b1e3"},
    {file = "bleak_winrt-1.2.0-cp38-cp38-win32.whl", hash = "sha256:5a36ff8cd53068c01a795a75d2c13054ddc5f99ce6de62c1a97cd343fc4d0727"},
    {file = "bleak_winrt-1.2.0-cp38-cp38-win_amd64.whl", hash = "sha256:810c00726653a962256b7acd8edf81ab9e4a3c66e936a342ce4aec7dbd3a7263"},
    {file = "bleak_winrt-1.2.0-cp39-cp39-win32.whl", hash = "sha256:dd740047a08925bde54bec357391fcee595d7b8ca0c74c87170a5cbc3f97aa0a"},
    {file = "bleak_winrt-1.2.0-cp39-cp39-win_amd64.whl", hash = "sha256:63130c11acfe75c504a79c01f9919e87f009f5e742bfc7b7a5c2a9c72bf591a7"},
]

[[package]]
name = "colorama"
version = "0.4.6"
description = "Cross-platform colored terminal text."
category = "dev"
optional = false
python-versions = "!=3.0.*,!=3.1.*,!=3.2.*,!=3.3.*,!=3.4.*,!=3.5.*,!=3.6.*,>=2.7"
files = [
    {file = "colorama-0.4.6-py2.py3-none-any.whl", hash = "sha256:4f1d9991f5acc0ca119f9d443620b77f9d6b33703e51011c16baf57afb285fc6"},
    {file = "colorama-0.4.6.tar.gz", hash = "sha256:08695f5cb7ed6e0531a20572697297273c47b8cae5a63ffc6d6ed5c201be6e44"},
]

[[package]]
name = "coverage"
version = "7.0.2"
description = "Code coverage measurement for Python"
category = "dev"
optional = false
python-versions = ">=3.7"
files = [
    {file = "coverage-7.0.2-cp310-cp310-macosx_10_9_x86_64.whl", hash = "sha256:c1f02d016b9b6b5ad21949a21646714bfa7b32d6041a30f97674f05d6d6996e3"},
    {file = "coverage-7.0.2-cp310-cp310-macosx_11_0_arm64.whl", hash = "sha256:a2d4f68e4fa286fb6b00d58a1e87c79840e289d3f6e5dcb912ad7b0fbd9629fb"},
    {file = "coverage-7.0.2-cp310-cp310-manylinux_2_17_aarch64.manylinux2014_aarch64.whl", hash = "sha256:426895ac9f2938bec193aa998e7a77a3e65d3e46903f348e794b4192b9a5b61e"},
    {file = "coverage-7.0.2-cp310-cp310-manylinux_2_5_i686.manylinux1_i686.manylinux_2_17_i686.manylinux2014_i686.whl", hash = "sha256:dcb708ab06f3f4dfc99e9f84821c9120e5f12113b90fad132311a2cb97525379"},
    {file = "coverage-7.0.2-cp310-cp310-manylinux_2_5_x86_64.manylinux1_x86_64.manylinux_2_17_x86_64.manylinux2014_x86_64.whl", hash = "sha256:8217f73faf08623acb25fb2affd5d20cbcd8185213db308e46a37e6fd6a56a49"},
    {file = "coverage-7.0.2-cp310-cp310-musllinux_1_1_aarch64.whl", hash = "sha256:bcb57d175ff0cb4ff97fc547c74c1cb8d4c9612003f6d267ee78dad8f23d8b30"},
    {file = "coverage-7.0.2-cp310-cp310-musllinux_1_1_i686.whl", hash = "sha256:7d47d666e17e57ef65fefc87229fde262bd5c9039ae8424bc53aa2d8f07dc178"},
    {file = "coverage-7.0.2-cp310-cp310-musllinux_1_1_x86_64.whl", hash = "sha256:321316a7b979892a13c148a9d37852b5a76f26717e4b911b606a649394629532"},
    {file = "coverage-7.0.2-cp310-cp310-win32.whl", hash = "sha256:420f10c852b9a489cf5a764534669a19f49732a0576c76d9489ebf287f81af6d"},
    {file = "coverage-7.0.2-cp310-cp310-win_amd64.whl", hash = "sha256:a27a8dca0dc6f0944ed9fd83c556d862e227a5cd4220e62af5d4c750389938f0"},
    {file = "coverage-7.0.2-cp311-cp311-macosx_10_9_x86_64.whl", hash = "sha256:ac1033942851bf01f28c76318155ea92d6648aecb924cab81fa23781d095e9ab"},
    {file = "coverage-7.0.2-cp311-cp311-macosx_11_0_arm64.whl", hash = "sha256:36c1a1b6d38ebf8a4335f65226ec36b5d6fd67743fdcbad5c52bdcd46c4f5842"},
    {file = "coverage-7.0.2-cp311-cp311-manylinux_2_17_aarch64.manylinux2014_aarch64.whl", hash = "sha256:c5e1874c601128cf54c1d4b471e915658a334fbc56d7b3c324ddc7511597ea82"},
    {file = "coverage-7.0.2-cp311-cp311-manylinux_2_5_i686.manylinux1_i686.manylinux_2_17_i686.manylinux2014_i686.whl", hash = "sha256:8e133ca2f8141b415ff396ba789bdeffdea8ff9a5c7fc9996ccf591d7d40ee93"},
    {file = "coverage-7.0.2-cp311-cp311-manylinux_2_5_x86_64.manylinux1_x86_64.manylinux_2_17_x86_64.manylinux2014_x86_64.whl", hash = "sha256:4e97b21482aa5c21e049e4755c95955ad71fb54c9488969e2f17cf30922aa5f6"},
    {file = "coverage-7.0.2-cp311-cp311-musllinux_1_1_aarch64.whl", hash = "sha256:8bd466135fb07f693dbdd999a5569ffbc0590e9c64df859243162f0ebee950c8"},
    {file = "coverage-7.0.2-cp311-cp311-musllinux_1_1_i686.whl", hash = "sha256:38f281bb9bdd4269c451fed9451203512dadefd64676f14ed1e82c77eb5644fc"},
    {file = "coverage-7.0.2-cp311-cp311-musllinux_1_1_x86_64.whl", hash = "sha256:7c669be1b01e4b2bf23aa49e987d9bedde0234a7da374a9b77ca5416d7c57002"},
    {file = "coverage-7.0.2-cp311-cp311-win32.whl", hash = "sha256:80583c536e7e010e301002088919d4ea90566d1789ee02551574fdf3faa275ae"},
    {file = "coverage-7.0.2-cp311-cp311-win_amd64.whl", hash = "sha256:a7b018811a0e1d3869d8d0600849953acd355a3a29c6bee0fbd24d7772bcc0a2"},
    {file = "coverage-7.0.2-cp37-cp37m-macosx_10_9_x86_64.whl", hash = "sha256:e8931af864bd599c6af626575a02103ae626f57b34e3af5537d40b040d33d2ad"},
    {file = "coverage-7.0.2-cp37-cp37m-manylinux_2_17_aarch64.manylinux2014_aarch64.whl", hash = "sha256:1a613d60be1a02c7a5184ea5c4227f48c08e0635608b9c17ae2b17efef8f2501"},
    {file = "coverage-7.0.2-cp37-cp37m-manylinux_2_5_i686.manylinux1_i686.manylinux_2_17_i686.manylinux2014_i686.whl", hash = "sha256:3fbb59f84c8549113dcdce7c6d16c5731fe53651d0b46c0a25a5ebc7bb655869"},
    {file = "coverage-7.0.2-cp37-cp37m-manylinux_2_5_x86_64.manylinux1_x86_64.manylinux_2_17_x86_64.manylinux2014_x86_64.whl", hash = "sha256:3d40ad86a348c79c614e2b90566267dd6d45f2e6b4d2bfb794d78ea4a4b60b63"},
    {file = "coverage-7.0.2-cp37-cp37m-musllinux_1_1_aarch64.whl", hash = "sha256:7e184aa18f921b612ea08666c25dd92a71241c8ed40917f2824219c92289b8c7"},
    {file = "coverage-7.0.2-cp37-cp37m-musllinux_1_1_i686.whl", hash = "sha256:fd22ee7bff4b5c37bb6385efee1c501b75e29ca40286f037cb91c2182d1348ce"},
    {file = "coverage-7.0.2-cp37-cp37m-musllinux_1_1_x86_64.whl", hash = "sha256:3d72e3d20b03e63bd27b1c4d6b754cd93eca82ecc5dd77b99262d5f64862ca35"},
    {file = "coverage-7.0.2-cp37-cp37m-win32.whl", hash = "sha256:5f44ba7c07e0aa4a7a2723b426c254e952da82a33d65b4a52afae4bef74a4203"},
    {file = "coverage-7.0.2-cp37-cp37m-win_amd64.whl", hash = "sha256:efa9d943189321f67f71070c309aa6f6130fa1ec35c9dfd0da0ed238938ce573"},
    {file = "coverage-7.0.2-cp38-cp38-macosx_10_9_x86_64.whl", hash = "sha256:da458bdc9b0bcd9b8ca85bc73148631b18cc8ba03c47f29f4c017809990351aa"},
    {file = "coverage-7.0.2-cp38-cp38-macosx_11_0_arm64.whl", hash = "sha256:87d95eea58fb71f69b4f1c761099a19e0e9cb27d45dc1cc7042523128ee56337"},
    {file = "coverage-7.0.2-cp38-cp38-manylinux_2_17_aarch64.manylinux2014_aarch64.whl", hash = "sha256:dfafc350f43fd7dc67df18c940c3b7ed208ebb797abe9fb3047f0c65be8e4c0f"},
    {file = "coverage-7.0.2-cp38-cp38-manylinux_2_5_i686.manylinux1_i686.manylinux_2_17_i686.manylinux2014_i686.whl", hash = "sha256:46db409fc0c3ee5c859b84c7de9cb507166287d588390889fdf06a1afe452e16"},
    {file = "coverage-7.0.2-cp38-cp38-manylinux_2_5_x86_64.manylinux1_x86_64.manylinux_2_17_x86_64.manylinux2014_x86_64.whl", hash = "sha256:c8805673b1953313adfc487d5323b4c87864e77057944a0888c98dd2f7a6052f"},
    {file = "coverage-7.0.2-cp38-cp38-musllinux_1_1_aarch64.whl", hash = "sha256:62e5b942378d5f0b87caace567a70dc634ddd4d219a236fa221dc97d2fc412c8"},
    {file = "coverage-7.0.2-cp38-cp38-musllinux_1_1_i686.whl", hash = "sha256:a99b2f2dd1236e8d9dc35974a3dc298a408cdfd512b0bb2451798cff1ce63408"},
    {file = "coverage-7.0.2-cp38-cp38-musllinux_1_1_x86_64.whl", hash = "sha256:04691b8e832a900ed15f5bcccc2008fc2d1c8e7411251fd7d1422a84e1d72841"},
    {file = "coverage-7.0.2-cp38-cp38-win32.whl", hash = "sha256:b6936cd38757dd323fefc157823e46436610328f0feb1419a412316f24b77f36"},
    {file = "coverage-7.0.2-cp38-cp38-win_amd64.whl", hash = "sha256:483e120ea324c7fced6126bb9bf0535c71e9233d29cbc7e2fc4560311a5f8a32"},
    {file = "coverage-7.0.2-cp39-cp39-macosx_10_9_x86_64.whl", hash = "sha256:4438ba539bef21e288092b30ea2fc30e883d9af5b66ebeaf2fd7c25e2f074e39"},
    {file = "coverage-7.0.2-cp39-cp39-macosx_11_0_arm64.whl", hash = "sha256:3a2d81c95d3b02638ee6ae647edc79769fd29bf5e9e5b6b0c29040579f33c260"},
    {file = "coverage-7.0.2-cp39-cp39-manylinux_2_17_aarch64.manylinux2014_aarch64.whl", hash = "sha256:c40aaf7930680e0e5f3bd6d3d3dc97a7897f53bdce925545c4b241e0c5c3ca6a"},
    {file = "coverage-7.0.2-cp39-cp39-manylinux_2_5_i686.manylinux1_i686.manylinux_2_17_i686.manylinux2014_i686.whl", hash = "sha256:2b31f7f246dbff339b3b76ee81329e3eca5022ce270c831c65e841dbbb40115f"},
    {file = "coverage-7.0.2-cp39-cp39-manylinux_2_5_x86_64.manylinux1_x86_64.manylinux_2_17_x86_64.manylinux2014_x86_64.whl", hash = "sha256:a6e1c77ff6f10eab496fbbcdaa7dfae84968928a0aadc43ce3c3453cec29bd79"},
    {file = "coverage-7.0.2-cp39-cp39-musllinux_1_1_aarch64.whl", hash = "sha256:8e6c0ca447b557a32642f22d0987be37950eda51c4f19fc788cebc99426284b6"},
    {file = "coverage-7.0.2-cp39-cp39-musllinux_1_1_i686.whl", hash = "sha256:9de96025ce25b9f4e744fbe558a003e673004af255da9b1f6ec243720ac5deeb"},
    {file = "coverage-7.0.2-cp39-cp39-musllinux_1_1_x86_64.whl", hash = "sha256:312fd77258bf1044ef4faa82091f2e88216e4b62dcf1a461d3e917144c8b09b7"},
    {file = "coverage-7.0.2-cp39-cp39-win32.whl", hash = "sha256:4d7be755d7544dac2b9814e98366a065d15a16e13847eb1f5473bb714483391e"},
    {file = "coverage-7.0.2-cp39-cp39-win_amd64.whl", hash = "sha256:b6eab230b18458707b5c501548e997e42934b1c189fb4d1b78bf5aacc1c6a137"},
    {file = "coverage-7.0.2-pp37.pp38.pp39-none-any.whl", hash = "sha256:1d732b5dcafed67d81c5b5a0c404c31a61e13148946a3b910a340f72fdd1ec95"},
    {file = "coverage-7.0.2.tar.gz", hash = "sha256:405d8528a0ea07ca516d9007ecad4e1bd10e2eeef27411c6188d78c4e2dfcddc"},
]

[package.dependencies]
tomli = {version = "*", optional = true, markers = "python_full_version <= \"3.11.0a6\" and extra == \"toml\""}

[package.extras]
toml = ["tomli"]

[[package]]
name = "cython"
version = "3.0.0"
description = "The Cython compiler for writing C extensions in the Python language."
category = "dev"
optional = false
python-versions = ">=2.7, !=3.0.*, !=3.1.*, !=3.2.*, !=3.3.*"
files = [
    {file = "Cython-3.0.0-cp310-cp310-macosx_10_9_x86_64.whl", hash = "sha256:7c7d728e1a49ad01d41181e3a9ea80b8d14e825f4679e4dd837cbf7bca7998a5"},
    {file = "Cython-3.0.0-cp310-cp310-manylinux_2_17_aarch64.manylinux2014_aarch64.whl", hash = "sha256:626a4a6ef4b7ced87c348ea805488e4bd39dad9d0b39659aa9e1040b62bbfedf"},
    {file = "Cython-3.0.0-cp310-cp310-manylinux_2_17_x86_64.manylinux2014_x86_64.whl", hash = "sha256:33c900d1ca9f622b969ac7d8fc44bdae140a4a6c7d8819413b51f3ccd0586a09"},
    {file = "Cython-3.0.0-cp310-cp310-manylinux_2_5_i686.manylinux1_i686.manylinux_2_17_i686.manylinux2014_i686.whl", hash = "sha256:a65bc50dc1bc2faeafd9425defbdef6a468974f5c4192497ff7f14adccfdcd32"},
    {file = "Cython-3.0.0-cp310-cp310-musllinux_1_1_aarch64.whl", hash = "sha256:3b71b399b10b038b056ad12dce1e317a8aa7a96e99de7e4fa2fa5d1c9415cfb9"},
    {file = "Cython-3.0.0-cp310-cp310-musllinux_1_1_x86_64.whl", hash = "sha256:f42f304c097cc53e9eb5f1a1d150380353d5018a3191f1b77f0de353c762181e"},
    {file = "Cython-3.0.0-cp310-cp310-win32.whl", hash = "sha256:3e234e2549e808d9259fdb23ebcfd145be30c638c65118326ec33a8d29248dc2"},
    {file = "Cython-3.0.0-cp310-cp310-win_amd64.whl", hash = "sha256:829c8333195100448a23863cf64a07e1334fae6a275aefe871458937911531b6"},
    {file = "Cython-3.0.0-cp311-cp311-macosx_10_9_x86_64.whl", hash = "sha256:06db81b1a01858fcc406616f8528e686ffb6cf7c3d78fb83767832bfecea8ad8"},
    {file = "Cython-3.0.0-cp311-cp311-manylinux_2_17_aarch64.manylinux2014_aarch64.whl", hash = "sha256:c93634845238645ce7abf63a56b1c5b6248189005c7caff898fd4a0dac1c5e1e"},
    {file = "Cython-3.0.0-cp311-cp311-manylinux_2_17_x86_64.manylinux2014_x86_64.whl", hash = "sha256:aa606675c6bd23478b1d174e2a84e3c5a2c660968f97dc455afe0fae198f9d3d"},
    {file = "Cython-3.0.0-cp311-cp311-manylinux_2_5_i686.manylinux1_i686.manylinux_2_17_i686.manylinux2014_i686.whl", hash = "sha256:d3355e6f690184f984eeb108b0f5bbc4bcf8b9444f8168933acf79603abf7baf"},
    {file = "Cython-3.0.0-cp311-cp311-musllinux_1_1_aarch64.whl", hash = "sha256:93a34e1ca8afa4b7075b02ed14a7e4969256297029fb1bfd4cbe48f7290dbcff"},
    {file = "Cython-3.0.0-cp311-cp311-musllinux_1_1_x86_64.whl", hash = "sha256:bb1165ca9e78823f9ad1efa5b3d83156f868eabd679a615d140a3021bb92cd65"},
    {file = "Cython-3.0.0-cp311-cp311-win32.whl", hash = "sha256:2fadde1da055944f5e1e17625055f54ddd11f451889110278ef30e07bd5e1695"},
    {file = "Cython-3.0.0-cp311-cp311-win_amd64.whl", hash = "sha256:254ed1f03a6c237fa64f0c6e44862058de65bfa2e6a3b48ca3c205492e0653aa"},
    {file = "Cython-3.0.0-cp312-cp312-macosx_10_9_x86_64.whl", hash = "sha256:4e212237b7531759befb92699c452cd65074a78051ae4ee36ff8b237395ecf3d"},
    {file = "Cython-3.0.0-cp312-cp312-manylinux_2_17_aarch64.manylinux2014_aarch64.whl", hash = "sha256:9f29307463eba53747b31f71394ed087e3e3e264dcc433e62de1d51f5c0c966c"},
    {file = "Cython-3.0.0-cp312-cp312-manylinux_2_17_x86_64.manylinux2014_x86_64.whl", hash = "sha256:53328a8af0806bebbdb48a4191883b11ee9d9dfb084d84f58fa5a8ab58baefc9"},
    {file = "Cython-3.0.0-cp312-cp312-manylinux_2_5_i686.manylinux1_i686.manylinux_2_17_i686.manylinux2014_i686.whl", hash = "sha256:5962e70b15e863e72bed6910e8c6ffef77d36cc98e2b31c474378f3b9e49b0e3"},
    {file = "Cython-3.0.0-cp312-cp312-musllinux_1_1_aarch64.whl", hash = "sha256:9e69139f4e60ab14c50767a568612ea64d6907e9c8e0289590a170eb495e005f"},
    {file = "Cython-3.0.0-cp312-cp312-musllinux_1_1_x86_64.whl", hash = "sha256:c40bdbcb2286f0aeeb5df9ce53d45da2d2a9b36a16b331cd0809d212d22a8fc7"},
    {file = "Cython-3.0.0-cp312-cp312-win32.whl", hash = "sha256:8abb8915eb2e57fa53d918afe641c05d1bcc6ed1913682ec1f28de71f4e3f398"},
    {file = "Cython-3.0.0-cp312-cp312-win_amd64.whl", hash = "sha256:30a4bd2481e59bd7ab2539f835b78edc19fc455811e476916f56026b93afd28b"},
    {file = "Cython-3.0.0-cp36-cp36m-macosx_10_9_x86_64.whl", hash = "sha256:0e1e4b7e4bfbf22fecfa5b852f0e499c442d4853b7ebd33ae37cdec9826ed5d8"},
    {file = "Cython-3.0.0-cp36-cp36m-manylinux_2_17_aarch64.manylinux2014_aarch64.whl", hash = "sha256:6b00df42cdd1a285a64491ba23de08ab14169d3257c840428d40eb7e8e9979af"},
    {file = "Cython-3.0.0-cp36-cp36m-manylinux_2_17_x86_64.manylinux2014_x86_64.whl", hash = "sha256:650d03ddddc08b051b4659778733f0f173ca7d327415755c05d265a6c1ba02fb"},
    {file = "Cython-3.0.0-cp36-cp36m-manylinux_2_5_i686.manylinux1_i686.manylinux_2_17_i686.manylinux2014_i686.whl", hash = "sha256:4965f2ebade17166f21a508d66dd60d2a0b3a3b90abe3f72003baa17ae020dd6"},
    {file = "Cython-3.0.0-cp36-cp36m-musllinux_1_1_aarch64.whl", hash = "sha256:4123c8d03167803df31da6b39de167cb9c04ac0aa4e35d4e5aa9d08ad511b84d"},
    {file = "Cython-3.0.0-cp36-cp36m-musllinux_1_1_x86_64.whl", hash = "sha256:296c53b6c0030cf82987eef163444e8d7631cc139d995f9d58679d9fd1ddbf31"},
    {file = "Cython-3.0.0-cp36-cp36m-win32.whl", hash = "sha256:0d2c1e172f1c81bafcca703093608e10dc16e3e2d24c5644c17606c7fdb1792c"},
    {file = "Cython-3.0.0-cp36-cp36m-win_amd64.whl", hash = "sha256:bc816d8eb3686d6f8d165f4156bac18c1147e1035dc28a76742d0b7fb5b7c032"},
    {file = "Cython-3.0.0-cp37-cp37m-macosx_10_9_x86_64.whl", hash = "sha256:8d86651347bbdbac1aca1824696c5e4c0a3b162946c422edcca2be12a03744d1"},
    {file = "Cython-3.0.0-cp37-cp37m-manylinux_2_17_aarch64.manylinux2014_aarch64.whl", hash = "sha256:84176bd04ce9f3cc8799b47ec6d1959fa1ea5e71424507df7bbf0b0915bbedef"},
    {file = "Cython-3.0.0-cp37-cp37m-manylinux_2_17_x86_64.manylinux2014_x86_64.whl", hash = "sha256:35abcf07b8277ec95bbe49a07b5c8760a2d941942ccfe759a94c8d2fe5602e9f"},
    {file = "Cython-3.0.0-cp37-cp37m-manylinux_2_5_i686.manylinux1_i686.manylinux_2_17_i686.manylinux2014_i686.whl", hash = "sha256:a44d6b9a29b2bff38bb648577b2fcf6a68cf8b1783eee89c2eb749f69494b98d"},
    {file = "Cython-3.0.0-cp37-cp37m-musllinux_1_1_aarch64.whl", hash = "sha256:4dc6bbe7cf079db37f1ebb9b0f10d0d7f29e293bb8688e92d50b5ea7a91d82f3"},
    {file = "Cython-3.0.0-cp37-cp37m-musllinux_1_1_x86_64.whl", hash = "sha256:e28763e75e380b8be62b02266a7995a781997c97c119efbdccb8fb954bcd7574"},
    {file = "Cython-3.0.0-cp37-cp37m-win32.whl", hash = "sha256:edae615cb4af51d5173e76ba9aea212424d025c57012e9cdf2f131f774c5ba71"},
    {file = "Cython-3.0.0-cp37-cp37m-win_amd64.whl", hash = "sha256:20c604e974832aaf8b7a1f5455ee7274b34df62a35ee095cd7d2ed7e818e6c53"},
    {file = "Cython-3.0.0-cp38-cp38-macosx_10_9_x86_64.whl", hash = "sha256:c85fd2b1cbd9400d60ebe074795bb9a9188752f1612be3b35b0831a24879b91f"},
    {file = "Cython-3.0.0-cp38-cp38-manylinux_2_17_aarch64.manylinux2014_aarch64.whl", hash = "sha256:090256c687106932339f87f888b95f0d69c617bc9b18801555545b695d29d8ab"},
    {file = "Cython-3.0.0-cp38-cp38-manylinux_2_17_x86_64.manylinux2014_x86_64.whl", hash = "sha256:cec2a67a0a7d9d4399758c0657ca03e5912e37218859cfbf046242cc532bfb3b"},
    {file = "Cython-3.0.0-cp38-cp38-manylinux_2_5_i686.manylinux1_i686.manylinux_2_17_i686.manylinux2014_i686.whl", hash = "sha256:a1cdd01ce45333bc264a218c6e183700d6b998f029233f586a53c9b13455c2d2"},
    {file = "Cython-3.0.0-cp38-cp38-musllinux_1_1_aarch64.whl", hash = "sha256:ecee663d2d50ca939fc5db81f2f8a219c2417b4651ad84254c50a03a9cb1aadd"},
    {file = "Cython-3.0.0-cp38-cp38-musllinux_1_1_x86_64.whl", hash = "sha256:30f10e79393b411af7677c270ea69807acb9fc30205c8ff25561f4deef780ec1"},
    {file = "Cython-3.0.0-cp38-cp38-win32.whl", hash = "sha256:609777d3a7a0a23b225e84d967af4ad2485c8bdfcacef8037cf197e87d431ca0"},
    {file = "Cython-3.0.0-cp38-cp38-win_amd64.whl", hash = "sha256:7f4a6dfd42ae0a45797f50fc4f6add702abf46ab3e7cd61811a6c6a97a40e1a2"},
    {file = "Cython-3.0.0-cp39-cp39-macosx_10_9_x86_64.whl", hash = "sha256:2d8158277c8942c0b20ff4c074fe6a51c5b89e6ac60cef606818de8c92773596"},
    {file = "Cython-3.0.0-cp39-cp39-manylinux_2_17_aarch64.manylinux2014_aarch64.whl", hash = "sha256:54e34f99b2a8c1e11478541b2822e6408c132b98b6b8f5ed89411e5e906631ea"},
    {file = "Cython-3.0.0-cp39-cp39-manylinux_2_17_x86_64.manylinux2014_x86_64.whl", hash = "sha256:877d1c8745df59dd2061a0636c602729e9533ba13f13aa73a498f68662e1cbde"},
    {file = "Cython-3.0.0-cp39-cp39-manylinux_2_5_i686.manylinux1_i686.manylinux_2_17_i686.manylinux2014_i686.whl", hash = "sha256:204690be60f0ff32eb70b04f28ef0d1e50ffd7b3f77ba06a7dc2389ee3b848e0"},
    {file = "Cython-3.0.0-cp39-cp39-musllinux_1_1_aarch64.whl", hash = "sha256:06fcb4628ccce2ba5abc8630adbeaf4016f63a359b4c6c3827b2d80e0673981c"},
    {file = "Cython-3.0.0-cp39-cp39-musllinux_1_1_x86_64.whl", hash = "sha256:090e24cfa31c926d0b13d8bb2ef48175acdd061ae1413343c94a2b12a4a4fa6f"},
    {file = "Cython-3.0.0-cp39-cp39-win32.whl", hash = "sha256:4cd00f2158dc00f7f93a92444d0f663eda124c9c29bbbd658964f4e89c357fe8"},
    {file = "Cython-3.0.0-cp39-cp39-win_amd64.whl", hash = "sha256:5b4cc896d49ce2bae8d6a030f9a4c64965b59c38acfbf4617685e17f7fcf1731"},
    {file = "Cython-3.0.0-py2.py3-none-any.whl", hash = "sha256:ff1aef1a03cfe293237c7a86ae9625b0411b2df30c53d1a7f29a8d381f38a1df"},
    {file = "Cython-3.0.0.tar.gz", hash = "sha256:350b18f9673e63101dbbfcf774ee2f57c20ac4636d255741d76ca79016b1bd82"},
]

[[package]]
name = "dbus-fast"
version = "1.83.1"
description = "A faster version of dbus-next"
category = "dev"
optional = false
python-versions = ">=3.7,<4.0"
files = [
    {file = "dbus_fast-1.83.1-cp310-cp310-manylinux_2_17_i686.manylinux_2_5_i686.manylinux1_i686.manylinux2014_i686.whl", hash = "sha256:4f85665403b0a942aa48b5fa7cabd407665234542dd734acf4587a35027fb187"},
    {file = "dbus_fast-1.83.1-cp310-cp310-manylinux_2_17_x86_64.manylinux2014_x86_64.whl", hash = "sha256:3806b6a9532747168cffc8fc593e80f08e316959c8b7c93dad438acd95bc98a6"},
    {file = "dbus_fast-1.83.1-cp310-cp310-musllinux_1_1_i686.whl", hash = "sha256:e7befec6a1789762c899a8359a9136c10cbd97d58e3b6f1d8925e8db204458de"},
    {file = "dbus_fast-1.83.1-cp310-cp310-musllinux_1_1_x86_64.whl", hash = "sha256:f761157fdaed7821c610f1bf8c874d5985eb0f6844aa64dbdd40fdb3a728a017"},
    {file = "dbus_fast-1.83.1-cp311-cp311-manylinux_2_17_i686.manylinux_2_5_i686.manylinux1_i686.manylinux2014_i686.whl", hash = "sha256:95e0d9a6ccb96daf3c465cebe334dd5f00e17f320e03ce5f737b7012a524f023"},
    {file = "dbus_fast-1.83.1-cp311-cp311-manylinux_2_17_x86_64.manylinux2014_x86_64.whl", hash = "sha256:9da7ad7d2b2afadb23bf1b14937ed139acafd491905b06218ffb39a19949194c"},
    {file = "dbus_fast-1.83.1-cp311-cp311-musllinux_1_1_i686.whl", hash = "sha256:0d7eee5b69ca9fbad908513bd55efd6bd2090854d2febada886d59a0c01f221d"},
    {file = "dbus_fast-1.83.1-cp311-cp311-musllinux_1_1_x86_64.whl", hash = "sha256:6da098cb98520f73ff54e1f54b381bb6b3d8806e31f1908ffa1ff7f7a4f5266b"},
    {file = "dbus_fast-1.83.1-cp37-cp37m-manylinux_2_17_i686.manylinux_2_5_i686.manylinux1_i686.manylinux2014_i686.whl", hash = "sha256:4f3150c116d9be7c7f3fd54de2cf55717ed2b3c9ec8533429a7db3025fd286b6"},
    {file = "dbus_fast-1.83.1-cp37-cp37m-manylinux_2_17_x86_64.manylinux2014_x86_64.whl", hash = "sha256:361d4a5f8f42ff46aca4d8ab148cea5b8d8a439fd41e160360b6c8cb2cb014a3"},
    {file = "dbus_fast-1.83.1-cp37-cp37m-musllinux_1_1_i686.whl", hash = "sha256:8d362f0d5d3e3e39f96a8b3df1090f6147fc96df30fd29488f9bc0f357054e29"},
    {file = "dbus_fast-1.83.1-cp37-cp37m-musllinux_1_1_x86_64.whl", hash = "sha256:747875df5a56f67a4561abc1e4aa17c51d62d5c9051e7a5eafa91f7a956fefc4"},
    {file = "dbus_fast-1.83.1-cp38-cp38-manylinux_2_17_i686.manylinux_2_5_i686.manylinux1_i686.manylinux2014_i686.whl", hash = "sha256:68f6d55b64d9393f88526b7b9c6805dcfa3d1b8791160d06c125f1e9d4e176b3"},
    {file = "dbus_fast-1.83.1-cp38-cp38-manylinux_2_17_x86_64.manylinux2014_x86_64.whl", hash = "sha256:0ee5f3663a17db92980056d9bc8d40b41cd4601badaa57f7caef77e7dda33ce3"},
    {file = "dbus_fast-1.83.1-cp38-cp38-musllinux_1_1_i686.whl", hash = "sha256:73d7d3194741a3fb889797fb26762e33c0697284175903e46f95c11598472823"},
    {file = "dbus_fast-1.83.1-cp38-cp38-musllinux_1_1_x86_64.whl", hash = "sha256:f23d8c71cb99f9d094b1e63b333cc13edd3dc167cb9116b55775c4fb154d61eb"},
    {file = "dbus_fast-1.83.1-cp39-cp39-manylinux_2_17_i686.manylinux_2_5_i686.manylinux1_i686.manylinux2014_i686.whl", hash = "sha256:0df53713f7917b963fdeb5125afb09aeac3e98e3dd75483f52e488cf63b87fc6"},
    {file = "dbus_fast-1.83.1-cp39-cp39-manylinux_2_17_x86_64.manylinux2014_x86_64.whl", hash = "sha256:40940fc848d76eb598631f0237fbea9b4bf1ed5059f51fd0fcc31424b4f4b5e4"},
    {file = "dbus_fast-1.83.1-cp39-cp39-manylinux_2_31_x86_64.whl", hash = "sha256:edd4ffbcbd0b1f05c2f408b20721c4393eda9e599c9f6811c4c79534b66cb1fa"},
    {file = "dbus_fast-1.83.1-cp39-cp39-musllinux_1_1_i686.whl", hash = "sha256:c7304b5a1a22882b7fe3b9624b182e5f8888a42fbca68217067a385b37f860a3"},
    {file = "dbus_fast-1.83.1-cp39-cp39-musllinux_1_1_x86_64.whl", hash = "sha256:2ed127a1c4db21ed8ac0535c059490ab7981dfa22b13d142b5c7d8c42bdba840"},
    {file = "dbus_fast-1.83.1-pp37-pypy37_pp73-manylinux_2_17_i686.manylinux_2_5_i686.manylinux1_i686.manylinux2014_i686.whl", hash = "sha256:e3e86f73c8ad425256bbb729503325104b0e12c4c3f77fbfa87cf4470596cae5"},
    {file = "dbus_fast-1.83.1-pp37-pypy37_pp73-manylinux_2_17_x86_64.manylinux2014_x86_64.whl", hash = "sha256:fdfa0956bf1c372ad07d682c11f47e2d09ee60fce7d51682e7eef4b2696bd3ca"},
    {file = "dbus_fast-1.83.1-pp38-pypy38_pp73-manylinux_2_17_i686.manylinux_2_5_i686.manylinux1_i686.manylinux2014_i686.whl", hash = "sha256:b2aa1afad9d7acdd0e0fecff8c43e5dcc491a5e8fc38a1aa733ee634f2ca1e8f"},
    {file = "dbus_fast-1.83.1-pp38-pypy38_pp73-manylinux_2_17_x86_64.manylinux2014_x86_64.whl", hash = "sha256:a46e11ab8b19002458f8cf0712ab90ee658a3b04873731f8d4e95ec7caa1c818"},
    {file = "dbus_fast-1.83.1-pp39-pypy39_pp73-manylinux_2_17_i686.manylinux_2_5_i686.manylinux1_i686.manylinux2014_i686.whl", hash = "sha256:bedbbb9692da11d0bc43a305655d82c18dbb876001133319573d40a0de38f883"},
    {file = "dbus_fast-1.83.1-pp39-pypy39_pp73-manylinux_2_17_x86_64.manylinux2014_x86_64.whl", hash = "sha256:b95f7cdcf1773ab3e9817a0a476791d23faa8d0fc2cab3e6c7537c17898a50c0"},
    {file = "dbus_fast-1.83.1.tar.gz", hash = "sha256:32269bee5d30b3ccc800eccac0b06bb233c514efd2871ebc649f11a987ee8d33"},
]

[package.dependencies]
async-timeout = {version = ">=3.0.0", markers = "python_version < \"3.11\""}

[[package]]
name = "exceptiongroup"
version = "1.1.0"
description = "Backport of PEP 654 (exception groups)"
category = "dev"
optional = false
python-versions = ">=3.7"
files = [
    {file = "exceptiongroup-1.1.0-py3-none-any.whl", hash = "sha256:327cbda3da756e2de031a3107b81ab7b3770a602c4d16ca618298c526f4bec1e"},
    {file = "exceptiongroup-1.1.0.tar.gz", hash = "sha256:bcb67d800a4497e1b404c2dd44fca47d3b7a5e5433dbab67f96c1a685cdfdf23"},
]

[package.extras]
test = ["pytest (>=6)"]

[[package]]
name = "iniconfig"
version = "1.1.1"
description = "iniconfig: brain-dead simple config-ini parsing"
category = "dev"
optional = false
python-versions = "*"
files = [
    {file = "iniconfig-1.1.1-py2.py3-none-any.whl", hash = "sha256:011e24c64b7f47f6ebd835bb12a743f2fbe9a26d4cecaa7f53bc4f35ee9da8b3"},
    {file = "iniconfig-1.1.1.tar.gz", hash = "sha256:bc3af051d7d14b2ee5ef9969666def0cd1a000e121eaea580d4a313df4b37f32"},
]

[[package]]
name = "packaging"
version = "22.0"
description = "Core utilities for Python packages"
category = "dev"
optional = false
python-versions = ">=3.7"
files = [
    {file = "packaging-22.0-py3-none-any.whl", hash = "sha256:957e2148ba0e1a3b282772e791ef1d8083648bc131c8ab0c1feba110ce1146c3"},
    {file = "packaging-22.0.tar.gz", hash = "sha256:2198ec20bd4c017b8f9717e00f0c8714076fc2fd93816750ab48e2c41de2cfd3"},
]

[[package]]
name = "pluggy"
version = "1.0.0"
description = "plugin and hook calling mechanisms for python"
category = "dev"
optional = false
python-versions = ">=3.6"
files = [
    {file = "pluggy-1.0.0-py2.py3-none-any.whl", hash = "sha256:74134bbf457f031a36d68416e1509f34bd5ccc019f0bcc952c7b909d06b37bd3"},
    {file = "pluggy-1.0.0.tar.gz", hash = "sha256:4224373bacce55f955a878bf9cfa763c1e360858e330072059e10bad68531159"},
]

[package.extras]
dev = ["pre-commit", "tox"]
testing = ["pytest", "pytest-benchmark"]

[[package]]
name = "pyobjc-core"
version = "8.5.1"
description = "Python<->ObjC Interoperability Module"
category = "dev"
optional = false
python-versions = ">=3.6"
files = [
    {file = "pyobjc-core-8.5.1.tar.gz", hash = "sha256:f8592a12de076c27006700c4a46164478564fa33d7da41e7cbdd0a3bf9ddbccf"},
    {file = "pyobjc_core-8.5.1-cp310-cp310-macosx_10_9_universal2.whl", hash = "sha256:b62dcf987cc511188fc2aa5b4d3b9fd895361ea4984380463497ce4b0752ddf4"},
    {file = "pyobjc_core-8.5.1-cp311-cp311-macosx_10_9_universal2.whl", hash = "sha256:0accc653501a655f66c13f149a1d3d30e6cb65824edf852f7960a00c4f930d5b"},
    {file = "pyobjc_core-8.5.1-cp36-cp36m-macosx_10_9_x86_64.whl", hash = "sha256:f82b32affc898e9e5af041c1cecde2c99f2ce160b87df77f678c99f1550a4655"},
    {file = "pyobjc_core-8.5.1-cp37-cp37m-macosx_10_9_x86_64.whl", hash = "sha256:f7b2f6b6f3caeb882c658fe0c7098be2e8b79893d84daa8e636cb3e58a07df00"},
    {file = "pyobjc_core-8.5.1-cp38-cp38-macosx_10_9_x86_64.whl", hash = "sha256:872c0202c911a5a2f1269261c168e36569f6ddac17e5d854ac19e581726570cc"},
    {file = "pyobjc_core-8.5.1-cp38-cp38-macosx_11_0_universal2.whl", hash = "sha256:21f92e231a4bae7f2d160d065f5afbf5e859a1e37f29d34ac12592205fc8c108"},
    {file = "pyobjc_core-8.5.1-cp39-cp39-macosx_10_9_universal2.whl", hash = "sha256:315334dd09781129af6a39641248891c4caa57043901750b0139c6614ce84ec0"},
]

[[package]]
name = "pyobjc-framework-cocoa"
version = "8.5.1"
description = "Wrappers for the Cocoa frameworks on macOS"
category = "dev"
optional = false
python-versions = ">=3.6"
files = [
    {file = "pyobjc-framework-Cocoa-8.5.1.tar.gz", hash = "sha256:9a3de5cdb4644e85daf53f2ed912ef6c16ea5804a9e65552eafe62c2e139eb8c"},
    {file = "pyobjc_framework_Cocoa-8.5.1-cp310-cp310-macosx_10_9_universal2.whl", hash = "sha256:aa572acc2628488a47be8d19f4701fc96fce7377cc4da18316e1e08c3918521a"},
    {file = "pyobjc_framework_Cocoa-8.5.1-cp311-cp311-macosx_10_9_universal2.whl", hash = "sha256:cb3ae21c8d81b7f02a891088c623cef61bca89bd671eff58c632d2f926b649f3"},
    {file = "pyobjc_framework_Cocoa-8.5.1-cp36-cp36m-macosx_10_9_x86_64.whl", hash = "sha256:88f08f5bd94c66d373d8413c1d08218aff4cff0b586e0cc4249b2284023e7577"},
    {file = "pyobjc_framework_Cocoa-8.5.1-cp37-cp37m-macosx_10_9_x86_64.whl", hash = "sha256:063683b57e4bd88cb0f9631ae65d25ec4eecf427d2fe8d0c578f88da9c896f3f"},
    {file = "pyobjc_framework_Cocoa-8.5.1-cp38-cp38-macosx_10_9_x86_64.whl", hash = "sha256:8f8806ddfac40620fb27f185d0f8937e69e330617319ecc2eccf6b9c8451bdd1"},
    {file = "pyobjc_framework_Cocoa-8.5.1-cp38-cp38-macosx_11_0_universal2.whl", hash = "sha256:7733a9a201df9e0cc2a0cf7bf54d76bd7981cba9b599353b243e3e0c9eefec10"},
    {file = "pyobjc_framework_Cocoa-8.5.1-cp39-cp39-macosx_10_9_universal2.whl", hash = "sha256:f0ab227f99d3e25dd3db73f8cde0999914a5f0dd6a08600349d25f95eaa0da63"},
]

[package.dependencies]
pyobjc-core = ">=8.5.1"

[[package]]
name = "pyobjc-framework-corebluetooth"
version = "8.5.1"
description = "Wrappers for the framework CoreBluetooth on macOS"
category = "dev"
optional = false
python-versions = ">=3.6"
files = [
    {file = "pyobjc-framework-CoreBluetooth-8.5.1.tar.gz", hash = "sha256:b4f621fc3b5bf289db58e64fd746773b18297f87a0ffc5502de74f69133301c1"},
    {file = "pyobjc_framework_CoreBluetooth-8.5.1-cp36-abi3-macosx_10_9_universal2.whl", hash = "sha256:bc720f2987a4d28dc73b13146e7c104d717100deb75c244da68f1d0849096661"},
    {file = "pyobjc_framework_CoreBluetooth-8.5.1-cp36-abi3-macosx_10_9_x86_64.whl", hash = "sha256:2167f22886beb5b3ae69e475e055403f28eab065c49a25e2b98b050b483be799"},
    {file = "pyobjc_framework_CoreBluetooth-8.5.1-cp36-abi3-macosx_11_0_universal2.whl", hash = "sha256:aa9587a36eca143701731e8bb6c369148f8cc48c28168d41e7323828e5117f2d"},
]

[package.dependencies]
pyobjc-core = ">=8.5.1"
pyobjc-framework-Cocoa = ">=8.5.1"

[[package]]
name = "pyobjc-framework-libdispatch"
version = "8.5.1"
description = "Wrappers for libdispatch on macOS"
category = "dev"
optional = false
python-versions = ">=3.6"
files = [
    {file = "pyobjc-framework-libdispatch-8.5.1.tar.gz", hash = "sha256:066fb34fceb326307559104d45532ec2c7b55426f9910b70dbefd5d1b8fd530f"},
    {file = "pyobjc_framework_libdispatch-8.5.1-cp310-cp310-macosx_10_9_universal2.whl", hash = "sha256:a316646ab30ba2a97bc828f8e27e7bb79efdf993d218a9c5118396b4f81dc762"},
    {file = "pyobjc_framework_libdispatch-8.5.1-cp311-cp311-macosx_10_9_universal2.whl", hash = "sha256:7730a29e4d9c7d8c2e8d9ffb60af0ab6699b2186296d2bff0a2dd54527578bc3"},
    {file = "pyobjc_framework_libdispatch-8.5.1-cp36-cp36m-macosx_10_9_x86_64.whl", hash = "sha256:76208d9d2b0071df2950800495ac0300360bb5f25cbe9ab880b65cb809764979"},
    {file = "pyobjc_framework_libdispatch-8.5.1-cp37-cp37m-macosx_10_9_x86_64.whl", hash = "sha256:1ad9aa4773ff1d89bf4385c081824c4f8708b50e3ac2fe0a9d590153242c0f67"},
    {file = "pyobjc_framework_libdispatch-8.5.1-cp38-cp38-macosx_10_9_x86_64.whl", hash = "sha256:81e1833bd26f15930faba678f9efdffafc79ec04e2ea8b6d1b88cafc0883af97"},
    {file = "pyobjc_framework_libdispatch-8.5.1-cp38-cp38-macosx_11_0_universal2.whl", hash = "sha256:73226e224436eb6383e7a8a811c90ed597995adb155b4f46d727881a383ac550"},
    {file = "pyobjc_framework_libdispatch-8.5.1-cp39-cp39-macosx_10_9_universal2.whl", hash = "sha256:d115355ce446fc073c75cedfd7ab0a13958adda8e3a3b1e421e1f1e5f65640da"},
]

[package.dependencies]
pyobjc-core = ">=8.5.1"

[[package]]
name = "pytest"
version = "7.2.0"
description = "pytest: simple powerful testing with Python"
category = "dev"
optional = false
python-versions = ">=3.7"
files = [
    {file = "pytest-7.2.0-py3-none-any.whl", hash = "sha256:892f933d339f068883b6fd5a459f03d85bfcb355e4981e146d2c7616c21fef71"},
    {file = "pytest-7.2.0.tar.gz", hash = "sha256:c4014eb40e10f11f355ad4e3c2fb2c6c6d1919c73f3b5a433de4708202cade59"},
]

[package.dependencies]
attrs = ">=19.2.0"
colorama = {version = "*", markers = "sys_platform == \"win32\""}
exceptiongroup = {version = ">=1.0.0rc8", markers = "python_version < \"3.11\""}
iniconfig = "*"
packaging = "*"
pluggy = ">=0.12,<2.0"
tomli = {version = ">=1.0.0", markers = "python_version < \"3.11\""}

[package.extras]
testing = ["argcomplete", "hypothesis (>=3.56)", "mock", "nose", "pygments (>=2.7.2)", "requests", "xmlschema"]

[[package]]
name = "pytest-cov"
version = "4.0.0"
description = "Pytest plugin for measuring coverage."
category = "dev"
optional = false
python-versions = ">=3.6"
files = [
    {file = "pytest-cov-4.0.0.tar.gz", hash = "sha256:996b79efde6433cdbd0088872dbc5fb3ed7fe1578b68cdbba634f14bb8dd0470"},
    {file = "pytest_cov-4.0.0-py3-none-any.whl", hash = "sha256:2feb1b751d66a8bd934e5edfa2e961d11309dc37b73b0eabe73b5945fee20f6b"},
]

[package.dependencies]
coverage = {version = ">=5.2.1", extras = ["toml"]}
pytest = ">=4.6"

[package.extras]
testing = ["fields", "hunter", "process-tests", "pytest-xdist", "six", "virtualenv"]

[[package]]
name = "setuptools"
version = "65.6.3"
description = "Easily download, build, install, upgrade, and uninstall Python packages"
category = "dev"
optional = false
python-versions = ">=3.7"
files = [
    {file = "setuptools-65.6.3-py3-none-any.whl", hash = "sha256:57f6f22bde4e042978bcd50176fdb381d7c21a9efa4041202288d3737a0c6a54"},
    {file = "setuptools-65.6.3.tar.gz", hash = "sha256:a7620757bf984b58deaf32fc8a4577a9bbc0850cf92c20e1ce41c38c19e5fb75"},
]

[package.extras]
docs = ["furo", "jaraco.packaging (>=9)", "jaraco.tidelift (>=1.4)", "pygments-github-lexers (==0.0.5)", "rst.linker (>=1.9)", "sphinx (>=3.5)", "sphinx-favicon", "sphinx-hoverxref (<2)", "sphinx-inline-tabs", "sphinx-notfound-page (==0.8.3)", "sphinx-reredirects", "sphinxcontrib-towncrier"]
testing = ["build[virtualenv]", "filelock (>=3.4.0)", "flake8 (<5)", "flake8-2020", "ini2toml[lite] (>=0.9)", "jaraco.envs (>=2.2)", "jaraco.path (>=3.2.0)", "pip (>=19.1)", "pip-run (>=8.8)", "pytest (>=6)", "pytest-black (>=0.3.7)", "pytest-checkdocs (>=2.4)", "pytest-cov", "pytest-enabler (>=1.3)", "pytest-flake8", "pytest-mypy (>=0.9.1)", "pytest-perf", "pytest-timeout", "pytest-xdist", "tomli-w (>=1.0.0)", "virtualenv (>=13.0.0)", "wheel"]
testing-integration = ["build[virtualenv]", "filelock (>=3.4.0)", "jaraco.envs (>=2.2)", "jaraco.path (>=3.2.0)", "pytest", "pytest-enabler", "pytest-xdist", "tomli", "virtualenv (>=13.0.0)", "wheel"]

[[package]]
name = "tomli"
version = "2.0.1"
description = "A lil' TOML parser"
category = "dev"
optional = false
python-versions = ">=3.7"
files = [
    {file = "tomli-2.0.1-py3-none-any.whl", hash = "sha256:939de3e7a6161af0c887ef91b7d41a53e7c5a1ca976325f429cb46ea9bc30ecc"},
    {file = "tomli-2.0.1.tar.gz", hash = "sha256:de526c12914f0c550d15924c62d72abc48d6fe7364aa87328337a31007fe8a4f"},
]

[[package]]
name = "wheel"
version = "0.38.4"
description = "A built-package format for Python"
category = "dev"
optional = false
python-versions = ">=3.7"
files = [
    {file = "wheel-0.38.4-py3-none-any.whl", hash = "sha256:b60533f3f5d530e971d6737ca6d58681ee434818fab630c83a734bb10c083ce8"},
    {file = "wheel-0.38.4.tar.gz", hash = "sha256:965f5259b566725405b05e7cf774052044b1ed30119b5d586b2703aafe8719ac"},
]

[package.extras]
test = ["pytest (>=3.0.0)"]

[metadata]
lock-version = "2.0"
python-versions = "^3.9"
content-hash = "45ef041de070687bd8ed08fb8099fe42e2be4b7658e3f644d44942041ac7cfc7"
