[[package]]
name = "async-timeout"
version = "4.0.2"
description = "Timeout context manager for asyncio programs"
category = "main"
optional = false
python-versions = ">=3.6"

[[package]]
name = "atomicwrites"
version = "1.4.1"
description = "Atomic file writes."
category = "dev"
optional = false
python-versions = ">=2.7, !=3.0.*, !=3.1.*, !=3.2.*, !=3.3.*"

[[package]]
name = "attrs"
version = "21.4.0"
description = "Classes Without Boilerplate"
category = "dev"
optional = false
python-versions = ">=2.7, !=3.0.*, !=3.1.*, !=3.2.*, !=3.3.*, !=3.4.*"

[package.extras]
dev = ["cloudpickle", "coverage[toml] (>=5.0.2)", "furo", "hypothesis", "mypy", "pre-commit", "pympler", "pytest (>=4.3.0)", "pytest-mypy-plugins", "six", "sphinx", "sphinx-notfound-page", "zope.interface"]
docs = ["furo", "sphinx", "sphinx-notfound-page", "zope.interface"]
tests = ["cloudpickle", "coverage[toml] (>=5.0.2)", "hypothesis", "mypy", "pympler", "pytest (>=4.3.0)", "pytest-mypy-plugins", "six", "zope.interface"]
tests_no_zope = ["cloudpickle", "coverage[toml] (>=5.0.2)", "hypothesis", "mypy", "pympler", "pytest (>=4.3.0)", "pytest-mypy-plugins", "six"]

[[package]]
name = "bleak"
version = "0.19.0"
description = "Bluetooth Low Energy platform Agnostic Klient"
category = "main"
optional = false
python-versions = ">=3.7,<4.0"

[package.dependencies]
async-timeout = ">=3.0.0,<5"
bleak-winrt = {version = ">=1.2.0,<2.0.0", markers = "platform_system == \"Windows\""}
dbus-fast = {version = ">=1.22.0,<2.0.0", markers = "platform_system == \"Linux\""}
pyobjc-core = {version = ">=8.5.1,<9.0.0", markers = "platform_system == \"Darwin\""}
pyobjc-framework-CoreBluetooth = {version = ">=8.5.1,<9.0.0", markers = "platform_system == \"Darwin\""}
pyobjc-framework-libdispatch = {version = ">=8.5.1,<9.0.0", markers = "platform_system == \"Darwin\""}

[[package]]
name = "bleak-winrt"
version = "1.2.0"
description = "Python WinRT bindings for Bleak"
category = "main"
optional = false
python-versions = "*"

[[package]]
name = "colorama"
version = "0.4.5"
description = "Cross-platform colored terminal text."
category = "dev"
optional = false
python-versions = ">=2.7, !=3.0.*, !=3.1.*, !=3.2.*, !=3.3.*, !=3.4.*"

[[package]]
name = "coverage"
version = "6.4.2"
description = "Code coverage measurement for Python"
category = "dev"
optional = false
python-versions = ">=3.7"

[package.dependencies]
tomli = {version = "*", optional = true, markers = "python_full_version <= \"3.11.0a6\" and extra == \"toml\""}

[package.extras]
toml = ["tomli"]

[[package]]
name = "dbus-fast"
version = "1.45.0"
description = "A faster version of dbus-next"
category = "main"
optional = false
python-versions = ">=3.7,<4.0"

[package.dependencies]
async-timeout = ">=3.0.0"

[package.extras]
docs = ["Sphinx (>=5.1.1,<6.0.0)", "myst-parser (>=0.18.0,<0.19.0)", "sphinx-rtd-theme (>=1.0.0,<2.0.0)", "sphinxcontrib-asyncio (>=0.3.0,<0.4.0)", "sphinxcontrib-fulltoc (>=1.2.0,<2.0.0)"]

[[package]]
name = "iniconfig"
version = "1.1.1"
description = "iniconfig: brain-dead simple config-ini parsing"
category = "dev"
optional = false
python-versions = "*"

[[package]]
name = "packaging"
version = "21.3"
description = "Core utilities for Python packages"
category = "dev"
optional = false
python-versions = ">=3.6"

[package.dependencies]
pyparsing = ">=2.0.2,<3.0.5 || >3.0.5"

[[package]]
name = "pluggy"
version = "1.0.0"
description = "plugin and hook calling mechanisms for python"
category = "dev"
optional = false
python-versions = ">=3.6"

[package.extras]
dev = ["pre-commit", "tox"]
testing = ["pytest", "pytest-benchmark"]

[[package]]
name = "py"
version = "1.11.0"
description = "library with cross-python path, ini-parsing, io, code, log facilities"
category = "dev"
optional = false
python-versions = ">=2.7, !=3.0.*, !=3.1.*, !=3.2.*, !=3.3.*, !=3.4.*"

[[package]]
name = "pyobjc-core"
version = "8.5.1"
description = "Python<->ObjC Interoperability Module"
category = "main"
optional = false
python-versions = ">=3.6"

[[package]]
name = "pyobjc-framework-Cocoa"
version = "8.5.1"
description = "Wrappers for the Cocoa frameworks on macOS"
category = "main"
optional = false
python-versions = ">=3.6"

[package.dependencies]
pyobjc-core = ">=8.5.1"

[[package]]
name = "pyobjc-framework-CoreBluetooth"
version = "8.5.1"
description = "Wrappers for the framework CoreBluetooth on macOS"
category = "main"
optional = false
python-versions = ">=3.6"

[package.dependencies]
pyobjc-core = ">=8.5.1"
pyobjc-framework-Cocoa = ">=8.5.1"

[[package]]
name = "pyobjc-framework-libdispatch"
version = "8.5.1"
description = "Wrappers for libdispatch on macOS"
category = "main"
optional = false
python-versions = ">=3.6"

[package.dependencies]
pyobjc-core = ">=8.5.1"

[[package]]
name = "pyparsing"
version = "3.0.9"
description = "pyparsing module - Classes and methods to define and execute parsing grammars"
category = "dev"
optional = false
python-versions = ">=3.6.8"

[package.extras]
diagrams = ["jinja2", "railroad-diagrams"]

[[package]]
name = "pytest"
version = "7.1.2"
description = "pytest: simple powerful testing with Python"
category = "dev"
optional = false
python-versions = ">=3.7"

[package.dependencies]
atomicwrites = {version = ">=1.0", markers = "sys_platform == \"win32\""}
attrs = ">=19.2.0"
colorama = {version = "*", markers = "sys_platform == \"win32\""}
iniconfig = "*"
packaging = "*"
pluggy = ">=0.12,<2.0"
py = ">=1.8.2"
tomli = ">=1.0.0"

[package.extras]
testing = ["argcomplete", "hypothesis (>=3.56)", "mock", "nose", "pygments (>=2.7.2)", "requests", "xmlschema"]

[[package]]
name = "pytest-cov"
version = "3.0.0"
description = "Pytest plugin for measuring coverage."
category = "dev"
optional = false
python-versions = ">=3.6"

[package.dependencies]
coverage = {version = ">=5.2.1", extras = ["toml"]}
pytest = ">=4.6"

[package.extras]
testing = ["fields", "hunter", "process-tests", "pytest-xdist", "six", "virtualenv"]

[[package]]
name = "tomli"
version = "2.0.1"
description = "A lil' TOML parser"
category = "dev"
optional = false
python-versions = ">=3.7"

[metadata]
lock-version = "1.1"
python-versions = "^3.9"
content-hash = "d33d46e8c88fdc65cb282c92f107a19db7b3d7d873c08d3669e847c1f0cb7a38"

[metadata.files]
async-timeout = [
    {file = "async-timeout-4.0.2.tar.gz", hash = "sha256:2163e1640ddb52b7a8c80d0a67a08587e5d245cc9c553a74a847056bc2976b15"},
    {file = "async_timeout-4.0.2-py3-none-any.whl", hash = "sha256:8ca1e4fcf50d07413d66d1a5e416e42cfdf5851c981d679a09851a6853383b3c"},
]
atomicwrites = [
    {file = "atomicwrites-1.4.1.tar.gz", hash = "sha256:81b2c9071a49367a7f770170e5eec8cb66567cfbbc8c73d20ce5ca4a8d71cf11"},
]
attrs = [
    {file = "attrs-21.4.0-py2.py3-none-any.whl", hash = "sha256:2d27e3784d7a565d36ab851fe94887c5eccd6a463168875832a1be79c82828b4"},
    {file = "attrs-21.4.0.tar.gz", hash = "sha256:626ba8234211db98e869df76230a137c4c40a12d72445c45d5f5b716f076e2fd"},
]
bleak = [
    {file = "bleak-0.19.0-py3-none-any.whl", hash = "sha256:ccdba0d17dcceb1326e4e46600b37e9019cd52ce01948e2a3dbd6c94d1e4de01"},
    {file = "bleak-0.19.0.tar.gz", hash = "sha256:cce5200ca9bac7daaa74dd009c867c8c2b161a124e234c74307462e86caf50e6"},
]
bleak-winrt = [
    {file = "bleak-winrt-1.2.0.tar.gz", hash = "sha256:0577d070251b9354fc6c45ffac57e39341ebb08ead014b1bdbd43e211d2ce1d6"},
    {file = "bleak_winrt-1.2.0-cp310-cp310-win32.whl", hash = "sha256:a2ae3054d6843ae0cfd3b94c83293a1dfd5804393977dd69bde91cb5099fc47c"},
    {file = "bleak_winrt-1.2.0-cp310-cp310-win_amd64.whl", hash = "sha256:677df51dc825c6657b3ae94f00bd09b8ab88422b40d6a7bdbf7972a63bc44e9a"},
    {file = "bleak_winrt-1.2.0-cp311-cp311-win32.whl", hash = "sha256:9449cdb942f22c9892bc1ada99e2ccce9bea8a8af1493e81fefb6de2cb3a7b80"},
    {file = "bleak_winrt-1.2.0-cp311-cp311-win_amd64.whl", hash = "sha256:98c1b5a6a6c431ac7f76aa4285b752fe14a1c626bd8a1dfa56f66173ff120bee"},
    {file = "bleak_winrt-1.2.0-cp37-cp37m-win32.whl", hash = "sha256:623ac511696e1f58d83cb9c431e32f613395f2199b3db7f125a3d872cab968a4"},
    {file = "bleak_winrt-1.2.0-cp37-cp37m-win_amd64.whl", hash = "sha256:13ab06dec55469cf51a2c187be7b630a7a2922e1ea9ac1998135974a7239b1e3"},
    {file = "bleak_winrt-1.2.0-cp38-cp38-win32.whl", hash = "sha256:5a36ff8cd53068c01a795a75d2c13054ddc5f99ce6de62c1a97cd343fc4d0727"},
    {file = "bleak_winrt-1.2.0-cp38-cp38-win_amd64.whl", hash = "sha256:810c00726653a962256b7acd8edf81ab9e4a3c66e936a342ce4aec7dbd3a7263"},
    {file = "bleak_winrt-1.2.0-cp39-cp39-win32.whl", hash = "sha256:dd740047a08925bde54bec357391fcee595d7b8ca0c74c87170a5cbc3f97aa0a"},
    {file = "bleak_winrt-1.2.0-cp39-cp39-win_amd64.whl", hash = "sha256:63130c11acfe75c504a79c01f9919e87f009f5e742bfc7b7a5c2a9c72bf591a7"},
]
colorama = [
    {file = "colorama-0.4.5-py2.py3-none-any.whl", hash = "sha256:854bf444933e37f5824ae7bfc1e98d5bce2ebe4160d46b5edf346a89358e99da"},
    {file = "colorama-0.4.5.tar.gz", hash = "sha256:e6c6b4334fc50988a639d9b98aa429a0b57da6e17b9a44f0451f930b6967b7a4"},
]
coverage = [
    {file = "coverage-6.4.2-cp310-cp310-macosx_10_9_x86_64.whl", hash = "sha256:a9032f9b7d38bdf882ac9f66ebde3afb8145f0d4c24b2e600bc4c6304aafb87e"},
    {file = "coverage-6.4.2-cp310-cp310-macosx_11_0_arm64.whl", hash = "sha256:e0524adb49c716ca763dbc1d27bedce36b14f33e6b8af6dba56886476b42957c"},
    {file = "coverage-6.4.2-cp310-cp310-manylinux_2_17_aarch64.manylinux2014_aarch64.whl", hash = "sha256:d4548be38a1c810d79e097a38107b6bf2ff42151900e47d49635be69943763d8"},
    {file = "coverage-6.4.2-cp310-cp310-manylinux_2_5_i686.manylinux1_i686.manylinux_2_17_i686.manylinux2014_i686.whl", hash = "sha256:f23876b018dfa5d3e98e96f5644b109090f16a4acb22064e0f06933663005d39"},
    {file = "coverage-6.4.2-cp310-cp310-manylinux_2_5_x86_64.manylinux1_x86_64.manylinux_2_17_x86_64.manylinux2014_x86_64.whl", hash = "sha256:6fe75dcfcb889b6800f072f2af5a331342d63d0c1b3d2bf0f7b4f6c353e8c9c0"},
    {file = "coverage-6.4.2-cp310-cp310-musllinux_1_1_aarch64.whl", hash = "sha256:2f8553878a24b00d5ab04b7a92a2af50409247ca5c4b7a2bf4eabe94ed20d3ee"},
    {file = "coverage-6.4.2-cp310-cp310-musllinux_1_1_i686.whl", hash = "sha256:d774d9e97007b018a651eadc1b3970ed20237395527e22cbeb743d8e73e0563d"},
    {file = "coverage-6.4.2-cp310-cp310-musllinux_1_1_x86_64.whl", hash = "sha256:d56f105592188ce7a797b2bd94b4a8cb2e36d5d9b0d8a1d2060ff2a71e6b9bbc"},
    {file = "coverage-6.4.2-cp310-cp310-win32.whl", hash = "sha256:d230d333b0be8042ac34808ad722eabba30036232e7a6fb3e317c49f61c93386"},
    {file = "coverage-6.4.2-cp310-cp310-win_amd64.whl", hash = "sha256:5ef42e1db047ca42827a85e34abe973971c635f83aed49611b7f3ab49d0130f0"},
    {file = "coverage-6.4.2-cp37-cp37m-macosx_10_9_x86_64.whl", hash = "sha256:25b7ec944f114f70803d6529394b64f8749e93cbfac0fe6c5ea1b7e6c14e8a46"},
    {file = "coverage-6.4.2-cp37-cp37m-manylinux_2_17_aarch64.manylinux2014_aarch64.whl", hash = "sha256:7bb00521ab4f99fdce2d5c05a91bddc0280f0afaee0e0a00425e28e209d4af07"},
    {file = "coverage-6.4.2-cp37-cp37m-manylinux_2_5_i686.manylinux1_i686.manylinux_2_17_i686.manylinux2014_i686.whl", hash = "sha256:2dff52b3e7f76ada36f82124703f4953186d9029d00d6287f17c68a75e2e6039"},
    {file = "coverage-6.4.2-cp37-cp37m-manylinux_2_5_x86_64.manylinux1_x86_64.manylinux_2_17_x86_64.manylinux2014_x86_64.whl", hash = "sha256:147605e1702d996279bb3cc3b164f408698850011210d133a2cb96a73a2f7996"},
    {file = "coverage-6.4.2-cp37-cp37m-musllinux_1_1_aarch64.whl", hash = "sha256:422fa44070b42fef9fb8dabd5af03861708cdd6deb69463adc2130b7bf81332f"},
    {file = "coverage-6.4.2-cp37-cp37m-musllinux_1_1_i686.whl", hash = "sha256:8af6c26ba8df6338e57bedbf916d76bdae6308e57fc8f14397f03b5da8622b4e"},
    {file = "coverage-6.4.2-cp37-cp37m-musllinux_1_1_x86_64.whl", hash = "sha256:5336e0352c0b12c7e72727d50ff02557005f79a0b8dcad9219c7c4940a930083"},
    {file = "coverage-6.4.2-cp37-cp37m-win32.whl", hash = "sha256:0f211df2cba951ffcae210ee00e54921ab42e2b64e0bf2c0befc977377fb09b7"},
    {file = "coverage-6.4.2-cp37-cp37m-win_amd64.whl", hash = "sha256:a13772c19619118903d65a91f1d5fea84be494d12fd406d06c849b00d31bf120"},
    {file = "coverage-6.4.2-cp38-cp38-macosx_10_9_x86_64.whl", hash = "sha256:f7bd0ffbcd03dc39490a1f40b2669cc414fae0c4e16b77bb26806a4d0b7d1452"},
    {file = "coverage-6.4.2-cp38-cp38-macosx_11_0_arm64.whl", hash = "sha256:0895ea6e6f7f9939166cc835df8fa4599e2d9b759b02d1521b574e13b859ac32"},
    {file = "coverage-6.4.2-cp38-cp38-manylinux_2_17_aarch64.manylinux2014_aarch64.whl", hash = "sha256:d4e7ced84a11c10160c0697a6cc0b214a5d7ab21dfec1cd46e89fbf77cc66fae"},
    {file = "coverage-6.4.2-cp38-cp38-manylinux_2_5_i686.manylinux1_i686.manylinux_2_17_i686.manylinux2014_i686.whl", hash = "sha256:80db4a47a199c4563d4a25919ff29c97c87569130375beca3483b41ad5f698e8"},
    {file = "coverage-6.4.2-cp38-cp38-manylinux_2_5_x86_64.manylinux1_x86_64.manylinux_2_17_x86_64.manylinux2014_x86_64.whl", hash = "sha256:3def6791adf580d66f025223078dc84c64696a26f174131059ce8e91452584e1"},
    {file = "coverage-6.4.2-cp38-cp38-musllinux_1_1_aarch64.whl", hash = "sha256:4f89d8e03c8a3757aae65570d14033e8edf192ee9298303db15955cadcff0c63"},
    {file = "coverage-6.4.2-cp38-cp38-musllinux_1_1_i686.whl", hash = "sha256:6d0b48aff8e9720bdec315d67723f0babd936a7211dc5df453ddf76f89c59933"},
    {file = "coverage-6.4.2-cp38-cp38-musllinux_1_1_x86_64.whl", hash = "sha256:2b20286c2b726f94e766e86a3fddb7b7e37af5d0c635bdfa7e4399bc523563de"},
    {file = "coverage-6.4.2-cp38-cp38-win32.whl", hash = "sha256:d714af0bdba67739598849c9f18efdcc5a0412f4993914a0ec5ce0f1e864d783"},
    {file = "coverage-6.4.2-cp38-cp38-win_amd64.whl", hash = "sha256:5f65e5d3ff2d895dab76b1faca4586b970a99b5d4b24e9aafffc0ce94a6022d6"},
    {file = "coverage-6.4.2-cp39-cp39-macosx_10_9_x86_64.whl", hash = "sha256:a697977157adc052284a7160569b36a8bbec09db3c3220642e6323b47cec090f"},
    {file = "coverage-6.4.2-cp39-cp39-macosx_11_0_arm64.whl", hash = "sha256:c77943ef768276b61c96a3eb854eba55633c7a3fddf0a79f82805f232326d33f"},
    {file = "coverage-6.4.2-cp39-cp39-manylinux_2_17_aarch64.manylinux2014_aarch64.whl", hash = "sha256:54d8d0e073a7f238f0666d3c7c0d37469b2aa43311e4024c925ee14f5d5a1cbe"},
    {file = "coverage-6.4.2-cp39-cp39-manylinux_2_5_i686.manylinux1_i686.manylinux_2_17_i686.manylinux2014_i686.whl", hash = "sha256:f22325010d8824594820d6ce84fa830838f581a7fd86a9235f0d2ed6deb61e29"},
    {file = "coverage-6.4.2-cp39-cp39-manylinux_2_5_x86_64.manylinux1_x86_64.manylinux_2_17_x86_64.manylinux2014_x86_64.whl", hash = "sha256:24b04d305ea172ccb21bee5bacd559383cba2c6fcdef85b7701cf2de4188aa55"},
    {file = "coverage-6.4.2-cp39-cp39-musllinux_1_1_aarch64.whl", hash = "sha256:866ebf42b4c5dbafd64455b0a1cd5aa7b4837a894809413b930026c91e18090b"},
    {file = "coverage-6.4.2-cp39-cp39-musllinux_1_1_i686.whl", hash = "sha256:e36750fbbc422c1c46c9d13b937ab437138b998fe74a635ec88989afb57a3978"},
    {file = "coverage-6.4.2-cp39-cp39-musllinux_1_1_x86_64.whl", hash = "sha256:79419370d6a637cb18553ecb25228893966bd7935a9120fa454e7076f13b627c"},
    {file = "coverage-6.4.2-cp39-cp39-win32.whl", hash = "sha256:b5e28db9199dd3833cc8a07fa6cf429a01227b5d429facb56eccd765050c26cd"},
    {file = "coverage-6.4.2-cp39-cp39-win_amd64.whl", hash = "sha256:edfdabe7aa4f97ed2b9dd5dde52d2bb29cb466993bb9d612ddd10d0085a683cf"},
    {file = "coverage-6.4.2-pp36.pp37.pp38-none-any.whl", hash = "sha256:e2618cb2cf5a7cc8d698306e42ebcacd02fb7ef8cfc18485c59394152c70be97"},
    {file = "coverage-6.4.2.tar.gz", hash = "sha256:6c3ccfe89c36f3e5b9837b9ee507472310164f352c9fe332120b764c9d60adbe"},
]
dbus-fast = [
    {file = "dbus_fast-1.45.0-cp310-cp310-manylinux_2_17_i686.manylinux_2_5_i686.manylinux1_i686.manylinux2014_i686.whl", hash = "sha256:a80d284d72ebc9893943e6be705866d72dfa37ce7534cd274e7ab1cd86b0a829"},
    {file = "dbus_fast-1.45.0-cp310-cp310-manylinux_2_17_x86_64.manylinux2014_x86_64.whl", hash = "sha256:8250cfafb1f875fe0204bbea49419ee8c72ff834c40f22765ac39c54ba1b8fd3"},
    {file = "dbus_fast-1.45.0-cp310-cp310-musllinux_1_1_i686.whl", hash = "sha256:5d092874c16d5f64dd5c164cbf84da151a6565fa21aa518da8cf4178e2b9df0c"},
    {file = "dbus_fast-1.45.0-cp310-cp310-musllinux_1_1_x86_64.whl", hash = "sha256:552e145b1fdb98922cc83b24fb8677ee63029628f19bb7b2f1aca075c3208945"},
    {file = "dbus_fast-1.45.0-cp311-cp311-manylinux_2_17_i686.manylinux_2_5_i686.manylinux1_i686.manylinux2014_i686.whl", hash = "sha256:eb30d3d70deff8145ceedad15b7030fcc0d9b5411b84f0b80ba1f6581f83fec0"},
    {file = "dbus_fast-1.45.0-cp311-cp311-manylinux_2_17_x86_64.manylinux2014_x86_64.whl", hash = "sha256:40050d56f59be198486fc0ad1a7b4aba16928a31c89f84e98cd58ea332186a9f"},
    {file = "dbus_fast-1.45.0-cp311-cp311-musllinux_1_1_i686.whl", hash = "sha256:10bc728544b95204abb9717941272146a9ba671ee7e6e93a697e4a17e93840c2"},
    {file = "dbus_fast-1.45.0-cp311-cp311-musllinux_1_1_x86_64.whl", hash = "sha256:9ca3b008892aff4e0fa5a8046a8492043f5108502f3105a09f676749855d130e"},
    {file = "dbus_fast-1.45.0-cp37-cp37m-manylinux_2_17_i686.manylinux_2_5_i686.manylinux1_i686.manylinux2014_i686.whl", hash = "sha256:24561a1a31de35fef7d59b285e5e5b5c1c76b7eb4e9047dcaf0a726627204b6c"},
    {file = "dbus_fast-1.45.0-cp37-cp37m-manylinux_2_17_x86_64.manylinux2014_x86_64.whl", hash = "sha256:0c6286bd0a9a3ef0a65dfb666df07bd77efa0d6f1798afe5dabc14437cd5ed6a"},
    {file = "dbus_fast-1.45.0-cp37-cp37m-musllinux_1_1_i686.whl", hash = "sha256:48e09ae676c87ca4fbc58881f0c0d6c41a67d87610878c9ed3a6692fc0368b29"},
    {file = "dbus_fast-1.45.0-cp37-cp37m-musllinux_1_1_x86_64.whl", hash = "sha256:a1d81da92f2438164b8ebea566972e0706313e46490f8cc2a2c5480adc50b238"},
    {file = "dbus_fast-1.45.0-cp38-cp38-manylinux_2_17_i686.manylinux_2_5_i686.manylinux1_i686.manylinux2014_i686.whl", hash = "sha256:9a838a2bb353079ad4a040c697099be6481d908ae063810d28e086c259bd2786"},
    {file = "dbus_fast-1.45.0-cp38-cp38-manylinux_2_17_x86_64.manylinux2014_x86_64.whl", hash = "sha256:d69a6b90ba45ace831cb6e9b5ad0c0850fed8bec95591d35edafedbeac323135"},
    {file = "dbus_fast-1.45.0-cp38-cp38-musllinux_1_1_i686.whl", hash = "sha256:ed0d2c86fe4c98c8f685adab6b4c18307855b7198fe8cd78971e8e1dac1e3c68"},
    {file = "dbus_fast-1.45.0-cp38-cp38-musllinux_1_1_x86_64.whl", hash = "sha256:77ca7d27648a09fc38e54aa6289a1eb32214ac72e64bfa46a12c6161ddd3c984"},
    {file = "dbus_fast-1.45.0-cp39-cp39-manylinux_2_17_i686.manylinux_2_5_i686.manylinux1_i686.manylinux2014_i686.whl", hash = "sha256:b673c1810010625ef8e9a0df314267b9e7b597828412caa337716efebbdfbf05"},
    {file = "dbus_fast-1.45.0-cp39-cp39-manylinux_2_17_x86_64.manylinux2014_x86_64.whl", hash = "sha256:3292370b9f07da9bced35915b0e5b3930d24a642d18400462ab3be4af9ef552c"},
    {file = "dbus_fast-1.45.0-cp39-cp39-manylinux_2_31_x86_64.whl", hash = "sha256:9323a530b952aa0a6e5cd9cb00b150f74cc2ea2c519fe01e13d5d635f2607d9a"},
    {file = "dbus_fast-1.45.0-cp39-cp39-musllinux_1_1_i686.whl", hash = "sha256:a77dcb8c11e1685ae1d3600b9e8260ca5c9daaa9526664112af2f1bdcbee280d"},
    {file = "dbus_fast-1.45.0-cp39-cp39-musllinux_1_1_x86_64.whl", hash = "sha256:7ff3c131469b6f90a52c953d853a0a97dced5dc6678496b12657aaa1e014ca78"},
    {file = "dbus_fast-1.45.0-pp37-pypy37_pp73-manylinux_2_17_i686.manylinux_2_5_i686.manylinux1_i686.manylinux2014_i686.whl", hash = "sha256:2685caab65ddb2e7b3aed6dc17a214bb1f7cfd6164f4895bee167ecd5463d71e"},
    {file = "dbus_fast-1.45.0-pp37-pypy37_pp73-manylinux_2_17_x86_64.manylinux2014_x86_64.whl", hash = "sha256:a5bef4860104bc3580e49a70928d6f05085c9911f842efe12f099539092a4f94"},
    {file = "dbus_fast-1.45.0-pp38-pypy38_pp73-manylinux_2_17_i686.manylinux_2_5_i686.manylinux1_i686.manylinux2014_i686.whl", hash = "sha256:2cfdabca35a48172d19c56bc149c9ce76f94a747e243a3cfd7c115751988800d"},
    {file = "dbus_fast-1.45.0-pp38-pypy38_pp73-manylinux_2_17_x86_64.manylinux2014_x86_64.whl", hash = "sha256:27eff54c50e752e213d98dbf9dfc2d98a8109dfa9c1314eab5074aef3ea45f51"},
    {file = "dbus_fast-1.45.0-pp39-pypy39_pp73-manylinux_2_17_i686.manylinux_2_5_i686.manylinux1_i686.manylinux2014_i686.whl", hash = "sha256:2f7ede9ad484d38d63d33b5b54757a885d6a36569d5cfed6d1a7969576396d21"},
    {file = "dbus_fast-1.45.0-pp39-pypy39_pp73-manylinux_2_17_x86_64.manylinux2014_x86_64.whl", hash = "sha256:ed5e612d0c66fe204030b5c6513cd132203d0a32030e2b6d9ed84b26409959aa"},
    {file = "dbus_fast-1.45.0.tar.gz", hash = "sha256:ed5204b265f316f1a5ab52de3d857038532945b4645a0ff73e6dbb9622747117"},
]
iniconfig = [
    {file = "iniconfig-1.1.1-py2.py3-none-any.whl", hash = "sha256:011e24c64b7f47f6ebd835bb12a743f2fbe9a26d4cecaa7f53bc4f35ee9da8b3"},
    {file = "iniconfig-1.1.1.tar.gz", hash = "sha256:bc3af051d7d14b2ee5ef9969666def0cd1a000e121eaea580d4a313df4b37f32"},
]
packaging = [
    {file = "packaging-21.3-py3-none-any.whl", hash = "sha256:ef103e05f519cdc783ae24ea4e2e0f508a9c99b2d4969652eed6a2e1ea5bd522"},
    {file = "packaging-21.3.tar.gz", hash = "sha256:dd47c42927d89ab911e606518907cc2d3a1f38bbd026385970643f9c5b8ecfeb"},
]
pluggy = [
    {file = "pluggy-1.0.0-py2.py3-none-any.whl", hash = "sha256:74134bbf457f031a36d68416e1509f34bd5ccc019f0bcc952c7b909d06b37bd3"},
    {file = "pluggy-1.0.0.tar.gz", hash = "sha256:4224373bacce55f955a878bf9cfa763c1e360858e330072059e10bad68531159"},
]
py = [
    {file = "py-1.11.0-py2.py3-none-any.whl", hash = "sha256:607c53218732647dff4acdfcd50cb62615cedf612e72d1724fb1a0cc6405b378"},
    {file = "py-1.11.0.tar.gz", hash = "sha256:51c75c4126074b472f746a24399ad32f6053d1b34b68d2fa41e558e6f4a98719"},
]
pyobjc-core = [
    {file = "pyobjc-core-8.5.1.tar.gz", hash = "sha256:f8592a12de076c27006700c4a46164478564fa33d7da41e7cbdd0a3bf9ddbccf"},
    {file = "pyobjc_core-8.5.1-cp310-cp310-macosx_10_9_universal2.whl", hash = "sha256:b62dcf987cc511188fc2aa5b4d3b9fd895361ea4984380463497ce4b0752ddf4"},
    {file = "pyobjc_core-8.5.1-cp311-cp311-macosx_10_9_universal2.whl", hash = "sha256:0accc653501a655f66c13f149a1d3d30e6cb65824edf852f7960a00c4f930d5b"},
    {file = "pyobjc_core-8.5.1-cp36-cp36m-macosx_10_9_x86_64.whl", hash = "sha256:f82b32affc898e9e5af041c1cecde2c99f2ce160b87df77f678c99f1550a4655"},
    {file = "pyobjc_core-8.5.1-cp37-cp37m-macosx_10_9_x86_64.whl", hash = "sha256:f7b2f6b6f3caeb882c658fe0c7098be2e8b79893d84daa8e636cb3e58a07df00"},
    {file = "pyobjc_core-8.5.1-cp38-cp38-macosx_10_9_x86_64.whl", hash = "sha256:872c0202c911a5a2f1269261c168e36569f6ddac17e5d854ac19e581726570cc"},
    {file = "pyobjc_core-8.5.1-cp38-cp38-macosx_11_0_universal2.whl", hash = "sha256:21f92e231a4bae7f2d160d065f5afbf5e859a1e37f29d34ac12592205fc8c108"},
    {file = "pyobjc_core-8.5.1-cp39-cp39-macosx_10_9_universal2.whl", hash = "sha256:315334dd09781129af6a39641248891c4caa57043901750b0139c6614ce84ec0"},
]
pyobjc-framework-Cocoa = [
    {file = "pyobjc-framework-Cocoa-8.5.1.tar.gz", hash = "sha256:9a3de5cdb4644e85daf53f2ed912ef6c16ea5804a9e65552eafe62c2e139eb8c"},
    {file = "pyobjc_framework_Cocoa-8.5.1-cp310-cp310-macosx_10_9_universal2.whl", hash = "sha256:aa572acc2628488a47be8d19f4701fc96fce7377cc4da18316e1e08c3918521a"},
    {file = "pyobjc_framework_Cocoa-8.5.1-cp311-cp311-macosx_10_9_universal2.whl", hash = "sha256:cb3ae21c8d81b7f02a891088c623cef61bca89bd671eff58c632d2f926b649f3"},
    {file = "pyobjc_framework_Cocoa-8.5.1-cp36-cp36m-macosx_10_9_x86_64.whl", hash = "sha256:88f08f5bd94c66d373d8413c1d08218aff4cff0b586e0cc4249b2284023e7577"},
    {file = "pyobjc_framework_Cocoa-8.5.1-cp37-cp37m-macosx_10_9_x86_64.whl", hash = "sha256:063683b57e4bd88cb0f9631ae65d25ec4eecf427d2fe8d0c578f88da9c896f3f"},
    {file = "pyobjc_framework_Cocoa-8.5.1-cp38-cp38-macosx_10_9_x86_64.whl", hash = "sha256:8f8806ddfac40620fb27f185d0f8937e69e330617319ecc2eccf6b9c8451bdd1"},
    {file = "pyobjc_framework_Cocoa-8.5.1-cp38-cp38-macosx_11_0_universal2.whl", hash = "sha256:7733a9a201df9e0cc2a0cf7bf54d76bd7981cba9b599353b243e3e0c9eefec10"},
    {file = "pyobjc_framework_Cocoa-8.5.1-cp39-cp39-macosx_10_9_universal2.whl", hash = "sha256:f0ab227f99d3e25dd3db73f8cde0999914a5f0dd6a08600349d25f95eaa0da63"},
]
pyobjc-framework-CoreBluetooth = [
    {file = "pyobjc-framework-CoreBluetooth-8.5.1.tar.gz", hash = "sha256:b4f621fc3b5bf289db58e64fd746773b18297f87a0ffc5502de74f69133301c1"},
    {file = "pyobjc_framework_CoreBluetooth-8.5.1-cp36-abi3-macosx_10_9_universal2.whl", hash = "sha256:bc720f2987a4d28dc73b13146e7c104d717100deb75c244da68f1d0849096661"},
    {file = "pyobjc_framework_CoreBluetooth-8.5.1-cp36-abi3-macosx_10_9_x86_64.whl", hash = "sha256:2167f22886beb5b3ae69e475e055403f28eab065c49a25e2b98b050b483be799"},
    {file = "pyobjc_framework_CoreBluetooth-8.5.1-cp36-abi3-macosx_11_0_universal2.whl", hash = "sha256:aa9587a36eca143701731e8bb6c369148f8cc48c28168d41e7323828e5117f2d"},
]
pyobjc-framework-libdispatch = [
    {file = "pyobjc-framework-libdispatch-8.5.1.tar.gz", hash = "sha256:066fb34fceb326307559104d45532ec2c7b55426f9910b70dbefd5d1b8fd530f"},
    {file = "pyobjc_framework_libdispatch-8.5.1-cp310-cp310-macosx_10_9_universal2.whl", hash = "sha256:a316646ab30ba2a97bc828f8e27e7bb79efdf993d218a9c5118396b4f81dc762"},
    {file = "pyobjc_framework_libdispatch-8.5.1-cp311-cp311-macosx_10_9_universal2.whl", hash = "sha256:7730a29e4d9c7d8c2e8d9ffb60af0ab6699b2186296d2bff0a2dd54527578bc3"},
    {file = "pyobjc_framework_libdispatch-8.5.1-cp36-cp36m-macosx_10_9_x86_64.whl", hash = "sha256:76208d9d2b0071df2950800495ac0300360bb5f25cbe9ab880b65cb809764979"},
    {file = "pyobjc_framework_libdispatch-8.5.1-cp37-cp37m-macosx_10_9_x86_64.whl", hash = "sha256:1ad9aa4773ff1d89bf4385c081824c4f8708b50e3ac2fe0a9d590153242c0f67"},
    {file = "pyobjc_framework_libdispatch-8.5.1-cp38-cp38-macosx_10_9_x86_64.whl", hash = "sha256:81e1833bd26f15930faba678f9efdffafc79ec04e2ea8b6d1b88cafc0883af97"},
    {file = "pyobjc_framework_libdispatch-8.5.1-cp38-cp38-macosx_11_0_universal2.whl", hash = "sha256:73226e224436eb6383e7a8a811c90ed597995adb155b4f46d727881a383ac550"},
    {file = "pyobjc_framework_libdispatch-8.5.1-cp39-cp39-macosx_10_9_universal2.whl", hash = "sha256:d115355ce446fc073c75cedfd7ab0a13958adda8e3a3b1e421e1f1e5f65640da"},
]
pyparsing = [
    {file = "pyparsing-3.0.9-py3-none-any.whl", hash = "sha256:5026bae9a10eeaefb61dab2f09052b9f4307d44aee4eda64b309723d8d206bbc"},
    {file = "pyparsing-3.0.9.tar.gz", hash = "sha256:2b020ecf7d21b687f219b71ecad3631f644a47f01403fa1d1036b0c6416d70fb"},
]
pytest = [
    {file = "pytest-7.1.2-py3-none-any.whl", hash = "sha256:13d0e3ccfc2b6e26be000cb6568c832ba67ba32e719443bfe725814d3c42433c"},
    {file = "pytest-7.1.2.tar.gz", hash = "sha256:a06a0425453864a270bc45e71f783330a7428defb4230fb5e6a731fde06ecd45"},
]
pytest-cov = [
    {file = "pytest-cov-3.0.0.tar.gz", hash = "sha256:e7f0f5b1617d2210a2cabc266dfe2f4c75a8d32fb89eafb7ad9d06f6d076d470"},
    {file = "pytest_cov-3.0.0-py3-none-any.whl", hash = "sha256:578d5d15ac4a25e5f961c938b85a05b09fdaae9deef3bb6de9a6e766622ca7a6"},
]
tomli = [
    {file = "tomli-2.0.1-py3-none-any.whl", hash = "sha256:939de3e7a6161af0c887ef91b7d41a53e7c5a1ca976325f429cb46ea9bc30ecc"},
    {file = "tomli-2.0.1.tar.gz", hash = "sha256:de526c12914f0c550d15924c62d72abc48d6fe7364aa87328337a31007fe8a4f"},
]
